
Microsoft Visual Studio Solution File, Format Version 12.00
# Visual Studio Version 16
VisualStudioVersion = 16.0.32228.343
MinimumVisualStudioVersion = 10.0.40219.1
Project("{FAE04EC0-301F-11D3-BF4B-00C04F79EFBC}") = "WPFBooks", "WPFBooks.csproj", "{3B3B0AA0-5849-4672-810C-1E424914B231}"
EndProject
Global
	GlobalSection(SolutionConfigurationPlatforms) = preSolution
		Debug|Any CPU = Debug|Any CPU
		Release|Any CPU = Release|Any CPU
	EndGlobalSection
	GlobalSection(ProjectConfigurationPlatforms) = postSolution
		{3B3B0AA0-5849-4672-810C-1E424914B231}.Debug|Any CPU.ActiveCfg = Debug|Any CPU
		{3B3B0AA0-5849-4672-810C-1E424914B231}.Debug|Any CPU.Build.0 = Debug|Any CPU
		{3B3B0AA0-5849-4672-810C-1E424914B231}.Release|Any CPU.ActiveCfg = Release|Any CPU
		{3B3B0AA0-5849-4672-810C-1E424914B231}.Release|Any CPU.Build.0 = Release|Any CPU
	EndGlobalSection
	GlobalSection(SolutionProperties) = preSolution
		HideSolutionNode = FALSE
	EndGlobalSection
	GlobalSection(ExtensibilityGlobals) = postSolution
		SolutionGuid = {CFB5F5B0-2B8C-44A3-84DC-249BFA20EABA}
	EndGlobalSection
EndGlobal
