
Microsoft Visual Studio Solution File, Format Version 12.00
# Visual Studio Version 16
VisualStudioVersion = 16.0.32228.343
MinimumVisualStudioVersion = 10.0.40219.1
Project("{FAE04EC0-301F-11D3-BF4B-00C04F79EFBC}") = "MvcYummyCookbook", "MvcYummyCookbook.csproj", "{67C5AA02-8E81-4B62-895D-9E52A446743A}"
EndProject
Global
	GlobalSection(SolutionConfigurationPlatforms) = preSolution
		Debug|Any CPU = Debug|Any CPU
		Release|Any CPU = Release|Any CPU
	EndGlobalSection
	GlobalSection(ProjectConfigurationPlatforms) = postSolution
		{67C5AA02-8E81-4B62-895D-9E52A446743A}.Debug|Any CPU.ActiveCfg = Debug|Any CPU
		{67C5AA02-8E81-4B62-895D-9E52A446743A}.Debug|Any CPU.Build.0 = Debug|Any CPU
		{67C5AA02-8E81-4B62-895D-9E52A446743A}.Release|Any CPU.ActiveCfg = Release|Any CPU
		{67C5AA02-8E81-4B62-895D-9E52A446743A}.Release|Any CPU.Build.0 = Release|Any CPU
	EndGlobalSection
	GlobalSection(SolutionProperties) = preSolution
		HideSolutionNode = FALSE
	EndGlobalSection
	GlobalSection(ExtensibilityGlobals) = postSolution
		SolutionGuid = {640B63C7-AE13-49D4-9B93-016105238111}
	EndGlobalSection
EndGlobal
